
Microsoft Visual Studio Solution File, Format Version 12.00
# Visual Studio Version 17
VisualStudioVersion = 17.6.33723.286
MinimumVisualStudioVersion = 10.0.40219.1
Project("{9A19103F-16F7-4668-BE54-9A1E7A4F7556}") = "Apoteka", "Apoteka\Apoteka.csproj", "{EA9867C6-629C-4CED-92C3-20AC757A348F}"
EndProject
Project("{FAE04EC0-301F-11D3-BF4B-00C04F79EFBC}") = "ApotekaApi", "ApotekaApi\ApotekaApi.csproj", "{BA6A9510-EE0E-4CA3-802B-96853C100931}"
EndProject
Global
	GlobalSection(SolutionConfigurationPlatforms) = preSolution
		Debug|Any CPU = Debug|Any CPU
		Release|Any CPU = Release|Any CPU
	EndGlobalSection
	GlobalSection(ProjectConfigurationPlatforms) = postSolution
		{EA9867C6-629C-4CED-92C3-20AC757A348F}.Debug|Any CPU.ActiveCfg = Debug|Any CPU
		{EA9867C6-629C-4CED-92C3-20AC757A348F}.Debug|Any CPU.Build.0 = Debug|Any CPU
		{EA9867C6-629C-4CED-92C3-20AC757A348F}.Release|Any CPU.ActiveCfg = Release|Any CPU
		{EA9867C6-629C-4CED-92C3-20AC757A348F}.Release|Any CPU.Build.0 = Release|Any CPU
		{BA6A9510-EE0E-4CA3-802B-96853C100931}.Debug|Any CPU.ActiveCfg = Debug|Any CPU
		{BA6A9510-EE0E-4CA3-802B-96853C100931}.Debug|Any CPU.Build.0 = Debug|Any CPU
		{BA6A9510-EE0E-4CA3-802B-96853C100931}.Release|Any CPU.ActiveCfg = Release|Any CPU
		{BA6A9510-EE0E-4CA3-802B-96853C100931}.Release|Any CPU.Build.0 = Release|Any CPU
	EndGlobalSection
	GlobalSection(SolutionProperties) = preSolution
		HideSolutionNode = FALSE
	EndGlobalSection
	GlobalSection(ExtensibilityGlobals) = postSolution
		SolutionGuid = {5752F33C-280B-4C26-8917-77D68A51F1E2}
	EndGlobalSection
EndGlobal
